
Microsoft Visual Studio Solution File, Format Version 12.00
# Visual Studio Version 17
VisualStudioVersion = 17.11.35327.3
MinimumVisualStudioVersion = 10.0.40219.1
Project("{FAE04EC0-301F-11D3-BF4B-00C04F79EFBC}") = "EmployeeCRUDAPI", "EmployeeCRUDAPI.csproj", "{933503D3-877C-43A4-AF30-5B7F8FA5DBD4}"
EndProject
Global
	GlobalSection(SolutionConfigurationPlatforms) = preSolution
		Debug|Any CPU = Debug|Any CPU
		Release|Any CPU = Release|Any CPU
	EndGlobalSection
	GlobalSection(ProjectConfigurationPlatforms) = postSolution
		{933503D3-877C-43A4-AF30-5B7F8FA5DBD4}.Debug|Any CPU.ActiveCfg = Debug|Any CPU
		{933503D3-877C-43A4-AF30-5B7F8FA5DBD4}.Debug|Any CPU.Build.0 = Debug|Any CPU
		{933503D3-877C-43A4-AF30-5B7F8FA5DBD4}.Release|Any CPU.ActiveCfg = Release|Any CPU
		{933503D3-877C-43A4-AF30-5B7F8FA5DBD4}.Release|Any CPU.Build.0 = Release|Any CPU
	EndGlobalSection
	GlobalSection(SolutionProperties) = preSolution
		HideSolutionNode = FALSE
	EndGlobalSection
	GlobalSection(ExtensibilityGlobals) = postSolution
		SolutionGuid = {8B5E8A02-F387-4BB1-BD7D-AD855EF40807}
	EndGlobalSection
EndGlobal
